# This file is autogenerated, do not edit; changes may be undone by the next 'dep ensure'.


[[projects]]
  digest = "1:1dec7591954b3b188d1ab8e60f22037fc0aeb1dda43fba98703af83ef21d74ed"
  name = "cloud.google.com/go"
  packages = [
    "compute/metadata",
    "iam",
    "internal",
    "internal/optional",
    "internal/trace",
    "internal/version",
    "storage"
  ]
  pruneopts = "UT"
  revision = "c9474f2f8deb81759839474b6bd1726bbfe1c1c4"
  version = "v0.36.0"

[[projects]]
  digest = "1:55388fd080150b9a072912f97b1f5891eb0b50df43401f8b75fb4273d3fec9fc"
  name = "github.com/Masterminds/semver"
  packages = ["."]
  pruneopts = "UT"
  revision = "c7af12943936e8c39859482e61f0574c2fd7fc75"
  version = "v1.4.2"

[[projects]]
  digest = "1:46a054a232ea2b7f0a35398d682b433d26ba9975fce9197b1784824402059f5b"
  name = "github.com/Masterminds/sprig"
  packages = ["."]
  pruneopts = "UT"
  revision = "6b2a58267f6a8b1dc8e2eb5519b984008fa85e8c"
  version = "v2.15.0"

[[projects]]
  digest = "1:8f5416c7f59da8600725ae1ff00a99af1da8b04c211ae6f3c8f8bcab0164f650"
  name = "github.com/aokoli/goutils"
  packages = ["."]
  pruneopts = "UT"
  revision = "3391d3790d23d03408670993e957e8f408993c34"
  version = "v1.0.1"

[[projects]]
  digest = "1:eac4866dcf9e1848ea73092d9131577f8f62e5d9a2955e4053e5a18d3cfd84cb"
  name = "github.com/aws/aws-sdk-go"
  packages = [
    "aws",
    "aws/awserr",
    "aws/awsutil",
    "aws/client",
    "aws/client/metadata",
    "aws/corehandlers",
    "aws/credentials",
    "aws/credentials/ec2rolecreds",
    "aws/credentials/endpointcreds",
    "aws/credentials/processcreds",
    "aws/credentials/stscreds",
    "aws/csm",
    "aws/defaults",
    "aws/ec2metadata",
    "aws/endpoints",
    "aws/request",
    "aws/session",
    "aws/signer/v4",
    "internal/ini",
    "internal/s3err",
    "internal/sdkio",
    "internal/sdkrand",
    "internal/sdkuri",
    "internal/shareddefaults",
    "private/protocol",
    "private/protocol/eventstream",
    "private/protocol/eventstream/eventstreamapi",
    "private/protocol/query",
    "private/protocol/query/queryutil",
    "private/protocol/rest",
    "private/protocol/restxml",
    "private/protocol/xml/xmlutil",
    "service/s3",
    "service/sts"
  ]
  pruneopts = "UT"
  revision = "8b705a6dec722bcda3a9309c0924d4eca24f7c72"
  version = "v1.17.14"

[[projects]]
  branch = "master"
  digest = "1:37011b20a70e205b93ebea5287e1afa5618db54bf3998c36ff5a8e4b146a170a"
  name = "github.com/bgentry/go-netrc"
  packages = ["netrc"]
  pruneopts = "UT"
  revision = "9fd32a8b3d3d3f9d43c341bfe098430e07609480"

[[projects]]
  digest = "1:0f98f59e9a2f4070d66f0c9c39561f68fcd1dc837b22a852d28d0003aebd1b1e"
  name = "github.com/boltdb/bolt"
  packages = ["."]
  pruneopts = "UT"
  revision = "2f1ce7a837dcb8da3ec595b1dac9d0632f0f99e8"
  version = "v1.3.1"

[[projects]]
  digest = "1:889290ee5c1f1888baa7caa2b4cdfa8a6abcfb86dd772fe6470ad7925cc44bff"
  name = "github.com/briandowns/spinner"
  packages = ["."]
  pruneopts = "UT"
  revision = "48dbb65d7bd5c74ab50d53d04c949f20e3d14944"
  version = "1.0"

[[projects]]
  digest = "1:a2c1d0e43bd3baaa071d1b9ed72c27d78169b2b269f71c105ac4ba34b1be4a39"
  name = "github.com/davecgh/go-spew"
  packages = ["spew"]
  pruneopts = "UT"
  revision = "346938d642f2ec3594ed81d874461961cd0faa76"
  version = "v1.1.0"

[[projects]]
  branch = "master"
  digest = "1:a9f44d1fa39a286f0f9cf4a274667810e7c0b7fbd2ff98d21e3900f43fa7ac29"
  name = "github.com/docker/docker"
  packages = ["pkg/fileutils"]
  pruneopts = "UT"
  revision = "e2593239d949eee454935daea7a5fe025477322f"

[[projects]]
  branch = "master"
  digest = "1:f4f6279cb37479954644babd8f8ef00584ff9fa63555d2c6718c1c3517170202"
  name = "github.com/elazarl/go-bindata-assetfs"
  packages = ["."]
  pruneopts = "UT"
  revision = "30f82fa23fd844bd5bb1e5f216db87fd77b5eb43"

[[projects]]
  digest = "1:938a2672d6ebbb7f7bc63eee3e4b9464c16ffcf77ec8913d3edbf32b4e3984dd"
  name = "github.com/fatih/color"
  packages = ["."]
  pruneopts = "UT"
  revision = "570b54cabe6b8eb0bc2dfce68d964677d63b5260"
  version = "v1.5.0"

[[projects]]
  branch = "master"
  digest = "1:50a46ab1d5edbbdd55125b4d37f1bf503d0807c26461f9ad7b358d6006641d09"
  name = "github.com/flynn-archive/go-shlex"
  packages = ["."]
  pruneopts = "UT"
  revision = "3f9db97f856818214da2e1057f8ad84803971cff"

[[projects]]
  digest = "1:ffb471a599e572700e9b7ee4b1d4869382d00f9268e84938c92b01a4d5941d23"
  name = "github.com/fsnotify/fsnotify"
  packages = ["."]
  pruneopts = "UT"
  revision = "629574ca2a5df945712d3079857300b5e4da0236"
  version = "v1.4.2"

[[projects]]
  digest = "1:9df33605e48f27f83d7fe1a8a46d937e579208f0772dc16c988e0e4be09f6f5f"
  name = "github.com/go-ozzo/ozzo-validation"
  packages = ["."]
  pruneopts = "UT"
  revision = "85dcd8368eba387e65a03488b003e233994e87e9"
  version = "v3.3"

[[projects]]
  digest = "1:e1ff887e232b2d8f4f7c7db15a5fac7be418025afc4dda53c59c765dbb5aa6b4"
  name = "github.com/go-playground/locales"
  packages = [
    ".",
    "currency"
  ]
  pruneopts = "UT"
  revision = "f63010822830b6fe52288ee52d5a1151088ce039"
  version = "v0.12.1"

[[projects]]
  digest = "1:e022cf244bcac1b6ef933f1a2e0adcf6a6dfd7b872d8d41e4d4179bb09a87cbc"
  name = "github.com/go-playground/universal-translator"
  packages = ["."]
  pruneopts = "UT"
  revision = "b32fa301c9fe55953584134cb6853a13c87ec0a1"
  version = "v0.16.0"

[[projects]]
  digest = "1:7f89e0c888fb99c61055c646f5678aae645b0b0a1443d9b2dcd9964d850827ce"
  name = "github.com/go-test/deep"
  packages = ["."]
  pruneopts = "UT"
  revision = "6592d9cc0a499ad2d5f574fde80a2b5c5cc3b4f5"
  version = "v1.0.1"

[[projects]]
  digest = "1:5d1b5a25486fc7d4e133646d834f6fca7ba1cef9903d40e7aa786c41b89e9e91"
  name = "github.com/golang/protobuf"
  packages = [
    "proto",
    "protoc-gen-go/descriptor",
    "ptypes",
    "ptypes/any",
    "ptypes/duration",
    "ptypes/timestamp"
  ]
  pruneopts = "UT"
  revision = "aa810b61a9c79d51363740d207bb46cf8e620ed5"
  version = "v1.2.0"

[[projects]]
  branch = "master"
  digest = "1:3df35fa0446b2cf51b509c8f49963fc3b615834b74ee6188f151c5245d745170"
  name = "github.com/google/go-github"
  packages = ["github"]
  pruneopts = "UT"
  revision = "4076fd7418e5e1b04d32ffba6adf5084891952d5"

[[projects]]
  branch = "master"
  digest = "1:a63cff6b5d8b95638bfe300385d93b2a6d9d687734b863da8e09dc834510a690"
  name = "github.com/google/go-querystring"
  packages = ["query"]
  pruneopts = "UT"
  revision = "53e6ce116135b80d037921a7fdd5138cf32d7a8a"

[[projects]]
  digest = "1:8f8811f9be822914c3a25c6a071e93beb4c805d7b026cbf298bc577bc1cc945b"
  name = "github.com/google/uuid"
  packages = ["."]
  pruneopts = "UT"
  revision = "064e2069ce9c359c118179501254f67d7d37ba24"
  version = "0.2"

[[projects]]
  digest = "1:856bd1e35f6da8ce5671a5df09d0e89bf01e9b74b3dabb6d097d39b3813801e1"
  name = "github.com/googleapis/gax-go"
  packages = ["v2"]
  pruneopts = "UT"
  revision = "c8a15bac9b9fe955bd9f900272f9a306465d28cf"
  version = "v2.0.3"

[[projects]]
  digest = "1:160eabf7a69910fd74f29c692718bc2437c1c1c7d4c9dea9712357752a70e5df"
  name = "github.com/gorilla/context"
  packages = ["."]
  pruneopts = "UT"
  revision = "1ea25387ff6f684839d82767c1733ff4d4d15d0a"
  version = "v1.1"

[[projects]]
  digest = "1:e73f5b0152105f18bc131fba127d9949305c8693f8a762588a82a48f61756f5f"
  name = "github.com/gorilla/mux"
  packages = ["."]
  pruneopts = "UT"
  revision = "e3702bed27f0d39777b0b37b664b6280e8ef8fbf"
  version = "v1.6.2"

[[projects]]
  branch = "master"
  digest = "1:07671f8997086ed115824d1974507d2b147d1e0463675ea5dbf3be89b1c2c563"
  name = "github.com/hashicorp/errwrap"
  packages = ["."]
  pruneopts = "UT"
  revision = "7554cd9344cec97297fa6649b055a8c98c2a1e55"

[[projects]]
  digest = "1:f47d6109c2034cb16bd62b220e18afd5aa9d5a1630fe5d937ad96a4fb7cbb277"
  name = "github.com/hashicorp/go-cleanhttp"
  packages = ["."]
  pruneopts = "UT"
  revision = "e8ab9daed8d1ddd2d3c4efba338fe2eeae2e4f18"
  version = "v0.5.0"

[[projects]]
  digest = "1:40e5d51a6c2574d26ad17ef8e04c9caf5fce865ab6bd3c2277ba77504bae615b"
  name = "github.com/hashicorp/go-getter"
  packages = [
    ".",
    "helper/url"
  ]
  pruneopts = "UT"
  revision = "e1437d0bbb37a1fa61cdb924b034352c823cb89b"
  version = "v1.2.0"

[[projects]]
  branch = "master"
  digest = "1:06b0de714eda10ccb203ef43155059c734f8d9377421954ae14cbf6af1fcf0b1"
  name = "github.com/hashicorp/go-multierror"
  packages = ["."]
  pruneopts = "UT"
  revision = "83588e72410abfbe4df460eeb6f30841ae47d4c4"

[[projects]]
  digest = "1:605c47454db9040e30b20dc1b29e3e9d42d6ee742545729cdef74afb1b898ad0"
  name = "github.com/hashicorp/go-safetemp"
  packages = ["."]
  pruneopts = "UT"
  revision = "c9a55de4fe06c920a71964b53cfe3dd293a3c743"
  version = "v1.0.0"

[[projects]]
  branch = "master"
  digest = "1:ada37ea3db98b606d2b61577fbd87c0aabaa95e03b409033ebf58c6e5420b033"
  name = "github.com/hashicorp/go-version"
  packages = ["."]
  pruneopts = "UT"
  revision = "fc61389e27c71d120f87031ca8c88a3428f372dd"

[[projects]]
  digest = "1:67474f760e9ac3799f740db2c489e6423a4cde45520673ec123ac831ad849cb8"
  name = "github.com/hashicorp/golang-lru"
  packages = ["simplelru"]
  pruneopts = "UT"
  revision = "7087cb70de9f7a8bc0a10c375cb0d2280a8edf9c"
  version = "v0.5.1"

[[projects]]
  branch = "master"
  digest = "1:b6708572c17a0220ebfcb9a474b37eb7de331a965755ef4bbfaafb49b9c89ed0"
  name = "github.com/hashicorp/hcl"
  packages = [
    ".",
    "hcl/ast",
    "hcl/parser",
    "hcl/scanner",
    "hcl/strconv",
    "hcl/token",
    "json/parser",
    "json/scanner",
    "json/token"
  ]
  pruneopts = "UT"
  revision = "68e816d1c783414e79bc65b3994d9ab6b0a722ab"

[[projects]]
  digest = "1:6b1e7618931d0ed9a17fec1c1d84271907aa61172c50b8272327f6cd4fafb650"
  name = "github.com/huandu/xstrings"
  packages = ["."]
  pruneopts = "UT"
  revision = "2bf18b218c51864a87384c06996e40ff9dcff8e1"
  version = "v1.0.0"

[[projects]]
  digest = "1:3e260afa138eab6492b531a3b3d10ab4cb70512d423faa78b8949dec76e66a21"
  name = "github.com/imdario/mergo"
  packages = ["."]
  pruneopts = "UT"
  revision = "9316a62528ac99aaecb4e47eadd6dc8aa6533d58"
  version = "v0.3.5"

[[projects]]
  digest = "1:870d441fe217b8e689d7949fef6e43efbc787e50f200cb1e70dbca9204a1d6be"
  name = "github.com/inconshreveable/mousetrap"
  packages = ["."]
  pruneopts = "UT"
  revision = "76626ae9c91c4f2a10f34cad8ce83ea42c93bb75"
  version = "v1.0"

[[projects]]
  digest = "1:bb81097a5b62634f3e9fec1014657855610c82d19b9a40c17612e32651e35dca"
  name = "github.com/jmespath/go-jmespath"
  packages = ["."]
  pruneopts = "UT"
  revision = "c2b33e84"

[[projects]]
  branch = "master"
  digest = "1:50f15cb5a06d802e166fba193cf64ab26dbca2ae686ee4fc9115a6634a7761f7"
  name = "github.com/lkysow/go-gitlab"
  packages = ["."]
  pruneopts = "UT"
  revision = "ea7b793277a7694ebbd09b2cdcee0e003e94ba74"

[[projects]]
  digest = "1:38c6c0068711ac95a80ba4d5d8cf86b5b066cc6d74ddd1e007d4d3eb45751894"
  name = "github.com/magiconair/properties"
  packages = ["."]
  pruneopts = "UT"
  revision = "be5ece7dd465ab0765a9682137865547526d1dfb"
  version = "v1.7.3"

[[projects]]
  digest = "1:c658e84ad3916da105a761660dcaeb01e63416c8ec7bc62256a9b411a05fcd67"
  name = "github.com/mattn/go-colorable"
  packages = ["."]
  pruneopts = "UT"
  revision = "167de6bfdfba052fa6b2d3664c8f5272e23c9072"
  version = "v0.0.9"

[[projects]]
  digest = "1:fa610f9fe6a93f4a75e64c83673dfff9bf1a34bbb21e6102021b6bc7850834a3"
  name = "github.com/mattn/go-isatty"
  packages = ["."]
  pruneopts = "UT"
  revision = "fc9e8d8ef48496124e79ae0df75490096eccf6fe"
  version = "v0.0.2"

[[projects]]
  digest = "1:09e7697f7b25b7ab6e6470783acaed14c9c360bb80bff7282a3aa818c09a40cf"
  name = "github.com/mcdafydd/go-azuredevops"
  packages = ["azuredevops"]
  pruneopts = "UT"
  revision = "1e9cd7e952ca2b5735f8a9fe41005a0bed25cc47"
  version = "v0.8.1"

[[projects]]
  digest = "1:6ff1026b8d873d074ddec82ad60bb0eb537dc013f456ef26b63d30beba2f99e7"
  name = "github.com/microcosm-cc/bluemonday"
  packages = ["."]
  pruneopts = "UT"
  revision = "506f3da9b7c86d737e91f16b7431df8635871552"
  version = "v1.0.2"

[[projects]]
  branch = "master"
  digest = "1:ded79ae4dc43f8382f782459c8082f8910e5002fc04a492e98c7a72734ae0dc5"
  name = "github.com/mitchellh/colorstring"
  packages = ["."]
  pruneopts = "UT"
  revision = "8631ce90f28644f54aeedcb3e389a85174e067d1"

[[projects]]
  branch = "master"
  digest = "1:12ae6210bdbdad658a9a67fd95cd9c99f7fdbf12f6d36eaf0af704e69dacf4f5"
  name = "github.com/mitchellh/go-homedir"
  packages = ["."]
  pruneopts = "UT"
  revision = "b8bc1bf767474819792c23f32d8286a45736f1c6"

[[projects]]
  digest = "1:42eb1f52b84a06820cedc9baec2e710bfbda3ee6dac6cdb97f8b9a5066134ec6"
  name = "github.com/mitchellh/go-testing-interface"
  packages = ["."]
  pruneopts = "UT"
  revision = "6d0b8010fcc857872e42fc6c931227569016843c"
  version = "v1.0.0"

[[projects]]
  branch = "master"
  digest = "1:3d64942cc75c655215a64496e35a2ca1a30ee0007cd24f41b57631486f3d083c"
  name = "github.com/mitchellh/mapstructure"
  packages = ["."]
  pruneopts = "UT"
  revision = "d0303fe809921458f417bcf828397a65db30a7e4"

[[projects]]
  branch = "master"
  digest = "1:97ea99bf187d8806b57a7cc22a58dd7daab399ac8bc622a959bf8d4307a3ce45"
  name = "github.com/mohae/deepcopy"
  packages = ["."]
  pruneopts = "UT"
  revision = "491d3605edfb866af34a48075bd4355ac1bf46ca"

[[projects]]
  digest = "1:06e504d29f2627321fe814e9e9a6ea5ac894d584772c071ecf5fc3a7e49ee751"
  name = "github.com/nlopes/slack"
  packages = ["."]
  pruneopts = "UT"
  revision = "c86337c0ef2486a15edd804355d9c73d2f2caed1"
  version = "v0.1.0"

[[projects]]
  digest = "1:11300fee3c16eca5122c9db9e5244632c4c05d11da33f5bfdde81299287c6104"
  name = "github.com/onsi/gomega"
  packages = ["format"]
  pruneopts = "UT"
  revision = "c893efa28eb45626cdaa76c9f653b62488858837"
  version = "v1.2.0"

[[projects]]
  digest = "1:b2ee62e09bec113cf086d2ce0769efcc7bf79481aba8373fd8f7884e94df3462"
  name = "github.com/pelletier/go-buffruneio"
  packages = ["."]
  pruneopts = "UT"
  revision = "c37440a7cf42ac63b919c752ca73a85067e05992"
  version = "v0.2.0"

[[projects]]
  digest = "1:e27da28550455cdbd8af6c6a58f91f39b8d44c6cda0f1a4b33348887c0db74fd"
  name = "github.com/pelletier/go-toml"
  packages = ["."]
  pruneopts = "UT"
  revision = "5ccdfb18c776b740aecaf085c4d9a2779199c279"
  version = "v1.0.0"

[[projects]]
  digest = "1:93dfae430ab8f6570399b3b21390cc35d9663c6f859540ad685042ecb39e0a63"
  name = "github.com/petergtz/pegomock"
  packages = [
    ".",
    "internal/verify"
  ]
  pruneopts = "UT"
  revision = "3821b977214496511e7e49a911307c68f0785ef9"
  version = "v2.5.0"

[[projects]]
  digest = "1:40e195917a951a8bf867cd05de2a46aaf1806c50cf92eebf4c16f78cd196f747"
  name = "github.com/pkg/errors"
  packages = ["."]
  pruneopts = "UT"
  revision = "645ef00459ed84a119197bfb8d8205042c6df63d"
  version = "v0.8.0"

[[projects]]
  digest = "1:9421f6e9e28ef86933e824b5caff441366f2b69bb281085b9dca40e1f27a1602"
  name = "github.com/shurcooL/sanitized_anchor_name"
  packages = ["."]
  pruneopts = "UT"
  revision = "7bfe4c7ecddb3666a94b053b422cdd8f5aaa3615"
  version = "v1.0.0"

[[projects]]
  digest = "1:9e9193aa51197513b3abcb108970d831fbcf40ef96aa845c4f03276e1fa316d2"
  name = "github.com/sirupsen/logrus"
  packages = ["."]
  pruneopts = "UT"
  revision = "c155da19408a8799da419ed3eeb0cb5db0ad5dbc"
  version = "v1.0.5"

[[projects]]
  branch = "master"
  digest = "1:474cab1b14a2905f3110e3953c45d1974998ed8cdb3ccce0ddd6609f85b21f5b"
  name = "github.com/spf13/afero"
  packages = [
    ".",
    "mem"
  ]
  pruneopts = "UT"
  revision = "ee1bd8ee15a1306d1f9201acc41ef39cd9f99a1b"

[[projects]]
  digest = "1:9b28ee2984c69d78afe2ce52b1650ba91a6381f355ff08c1d0e53d9e66bd62fe"
  name = "github.com/spf13/cast"
  packages = ["."]
  pruneopts = "UT"
  revision = "acbeb36b902d72a7a4c18e8f3241075e7ab763e4"
  version = "v1.1.0"

[[projects]]
  branch = "master"
  digest = "1:5bafded33341e455f02a63bac95975ea9c7b915c67fb6a12f2e28c6890012114"
  name = "github.com/spf13/cobra"
  packages = ["."]
  pruneopts = "UT"
  revision = "b78744579491c1ceeaaa3b40205e56b0591b93a3"

[[projects]]
  branch = "master"
  digest = "1:9f28b7e326b8cd1db556678b7ce679cf9bf888647e40922f91d9d40f451f942b"
  name = "github.com/spf13/jwalterweatherman"
  packages = ["."]
  pruneopts = "UT"
  revision = "12bd96e66386c1960ab0f74ced1362f66f552f7b"

[[projects]]
  digest = "1:1b21a2b4058a779f290c7341cd93267492e0ecea6c8b54f64a4a5fd7ff131034"
  name = "github.com/spf13/pflag"
  packages = ["."]
  pruneopts = "UT"
  revision = "e57e3eeb33f795204c1ca35f56c44f83227c6e66"
  version = "v1.0.0"

[[projects]]
  digest = "1:f8e1a678a2571e265f4bf91a3e5e32aa6b1474a55cb0ea849750cc177b664d96"
  name = "github.com/spf13/viper"
  packages = ["."]
  pruneopts = "UT"
  revision = "25b30aa063fc18e48662b86996252eabdcf2f0c7"
  version = "v1.0.0"

[[projects]]
  digest = "1:2643d81498e38e44bdcf480be199cac55f29e97403b0342d962824bfe9960722"
  name = "github.com/ulikunitz/xz"
  packages = [
    ".",
    "internal/hash",
    "internal/xlog",
    "lzma"
  ]
  pruneopts = "UT"
  revision = "6f934d456d51e742b4eeab20d925a827ef22320a"
  version = "v0.5.6"

[[projects]]
  digest = "1:b24d38b282bacf9791408a080f606370efa3d364e4b5fd9ba0f7b87786d3b679"
  name = "github.com/urfave/cli"
  packages = ["."]
  pruneopts = "UT"
  revision = "cfb38830724cc34fedffe9a2a29fb54fa9169cd1"
  version = "v1.20.0"

[[projects]]
  digest = "1:f5c90c63522dfbd29d00558d3a12e4223c5b31ae3f1f174fe2068f267502c38b"
  name = "github.com/urfave/negroni"
  packages = ["."]
  pruneopts = "UT"
  revision = "fde5e16d32adc7ad637e9cd9ad21d4ebc6192535"
  version = "v0.2.0"

[[projects]]
  digest = "1:1af1920a0f0dc25426ba2e57154b9c091ec2ed83be9107abcf83d23c6c9a4194"
  name = "go.opencensus.io"
  packages = [
    ".",
    "exemplar",
    "internal",
    "internal/tagencoding",
    "plugin/ochttp",
    "plugin/ochttp/propagation/b3",
    "stats",
    "stats/internal",
    "stats/view",
    "tag",
    "trace",
    "trace/internal",
    "trace/propagation",
    "trace/tracestate"
  ]
  pruneopts = "UT"
  revision = "f305e5c4e2cf345eba88de13d10de1126fa45a61"
  version = "v0.19.1"

[[projects]]
  branch = "master"
  digest = "1:b45bdff0b14568a4419b3e2f6485ad1667b4bfcf1581972fe619ee5962308939"
  name = "golang.org/x/crypto"
  packages = [
    "pbkdf2",
    "scrypt",
    "ssh/terminal"
  ]
  pruneopts = "UT"
  revision = "7d9177d70076375b9a59c8fde23d52d9c4a7ecd5"

[[projects]]
  branch = "master"
  digest = "1:4056e0d0dac89ce489912e0add8267cd4fe28cf0ac732ff1bfedb24f256ee739"
  name = "golang.org/x/net"
  packages = [
    "context",
    "context/ctxhttp",
    "html",
    "html/atom",
    "http2",
    "http2/hpack",
    "idna",
    "internal/timeseries",
    "lex/httplex",
    "trace",
    "websocket"
  ]
  pruneopts = "UT"
  revision = "9dfe39835686865bff950a07b394c12a98ddc811"

[[projects]]
  branch = "master"
  digest = "1:23443edff0740e348959763085df98400dcfd85528d7771bb0ce9f5f2754ff4a"
  name = "golang.org/x/oauth2"
  packages = [
    ".",
    "google",
    "internal",
    "jws",
    "jwt"
  ]
  pruneopts = "UT"
  revision = "d668ce993890a79bda886613ee587a69dd5da7a6"

[[projects]]
  branch = "master"
  digest = "1:944736317d4f2fb1c1015ef9ca05fd9313b4e19f1128901cc678f636435fa9b0"
  name = "golang.org/x/sys"
  packages = [
    "unix",
    "windows"
  ]
  pruneopts = "UT"
  revision = "fead79001313d15903fb4605b4a1b781532cd93e"

[[projects]]
  branch = "master"
  digest = "1:634c43f26e26c322349fcc8b393c7f2e782fc1623a8e5aa5082772e31041cd44"
  name = "golang.org/x/text"
  packages = [
    "collate",
    "collate/build",
    "internal/colltab",
    "internal/gen",
    "internal/tag",
    "internal/triegen",
    "internal/ucd",
    "language",
    "secure/bidirule",
    "transform",
    "unicode/bidi",
    "unicode/cldr",
    "unicode/norm",
    "unicode/rangetable"
  ]
  pruneopts = "UT"
  revision = "1cbadb444a806fd9430d14ad08967ed91da4fa0a"

[[projects]]
  digest = "1:768c35ec83dd17029060ea581d6ca9fdcaef473ec87e93e4bb750949035f6070"
  name = "google.golang.org/api"
  packages = [
    "gensupport",
    "googleapi",
    "googleapi/internal/uritemplates",
    "googleapi/transport",
    "internal",
    "iterator",
    "option",
    "storage/v1",
    "transport/http",
    "transport/http/internal/propagation"
  ]
  pruneopts = "UT"
  revision = "19e022d8cf43ce81f046bae8cc18c5397cc7732f"
  version = "v0.1.0"

[[projects]]
  digest = "1:d2a8db567a76203e3b41c1f632d86485ffd57f8e650a0d1b19d240671c2fddd7"
  name = "google.golang.org/appengine"
  packages = [
    ".",
    "internal",
    "internal/app_identity",
    "internal/base",
    "internal/datastore",
    "internal/log",
    "internal/modules",
    "internal/remote_api",
    "internal/urlfetch",
    "urlfetch"
  ]
  pruneopts = "UT"
  revision = "4a4468ece617fc8205e99368fa2200e9d1fad421"
  version = "v1.3.0"

[[projects]]
  branch = "master"
  digest = "1:0e25919d4395a2626f31b9607131bed0ec6407d3579403e503eafc418c05e49f"
  name = "google.golang.org/genproto"
  packages = [
    "googleapis/api/annotations",
    "googleapis/iam/v1",
    "googleapis/rpc/code",
    "googleapis/rpc/status"
  ]
  pruneopts = "UT"
  revision = "5fe7a883aa19554f42890211544aa549836af7b7"

[[projects]]
  digest = "1:cbc746de4662c66fd24a037501bd65aa0f8ad0bfca0c92576e0abb88864e3741"
  name = "google.golang.org/grpc"
  packages = [
    ".",
    "balancer",
    "balancer/base",
    "balancer/roundrobin",
    "binarylog/grpc_binarylog_v1",
    "codes",
    "connectivity",
    "credentials",
    "credentials/internal",
    "encoding",
    "encoding/proto",
    "grpclog",
    "internal",
    "internal/backoff",
    "internal/binarylog",
    "internal/channelz",
    "internal/envconfig",
    "internal/grpcrand",
    "internal/grpcsync",
    "internal/syscall",
    "internal/transport",
    "keepalive",
    "metadata",
    "naming",
    "peer",
    "resolver",
    "resolver/dns",
    "resolver/passthrough",
    "stats",
    "status",
    "tap"
  ]
  pruneopts = "UT"
  revision = "2fdaae294f38ed9a121193c51ec99fecd3b13eb7"
  version = "v1.19.0"

[[projects]]
  digest = "1:a351fd4cb95e313ecb345a521f276e7a00913d1f2e84c61543bc4fa1785ba7f3"
  name = "gopkg.in/go-playground/validator.v9"
  packages = ["."]
  pruneopts = "UT"
  revision = "ab2a8a99087e827c9af87ed6777ba897348fb178"
  version = "v9.20.2"

[[projects]]
  digest = "1:2ee0f15eb0fb04f918db7c2dcf39745f40d69f798ef171610a730e8a56aaa4fd"
  name = "gopkg.in/russross/blackfriday.v2"
  packages = ["."]
  pruneopts = "UT"
  revision = "d3b5b032dc8e8927d31a5071b56e14c89f045135"
  version = "v2.0.1"

[[projects]]
  branch = "v2"
  digest = "1:6570992c02a2137a20be83990a979b6fe892e20ecdc6b756449989b2a7efb8ae"
  name = "gopkg.in/yaml.v2"
  packages = ["."]
  pruneopts = "UT"
  revision = "eb3733d160e74a9c7e442f435eb3bea458e1d19f"

[solve-meta]
  analyzer-name = "dep"
  analyzer-version = 1
  input-imports = [
    "github.com/Masterminds/sprig",
    "github.com/boltdb/bolt",
    "github.com/briandowns/spinner",
    "github.com/davecgh/go-spew/spew",
    "github.com/docker/docker/pkg/fileutils",
    "github.com/elazarl/go-bindata-assetfs",
    "github.com/flynn-archive/go-shlex",
    "github.com/go-ozzo/ozzo-validation",
    "github.com/go-test/deep",
    "github.com/google/go-github/github",
    "github.com/gorilla/mux",
    "github.com/hashicorp/go-getter",
    "github.com/hashicorp/go-multierror",
    "github.com/hashicorp/go-version",
    "github.com/lkysow/go-gitlab",
    "github.com/mcdafydd/go-azuredevops/azuredevops",
    "github.com/microcosm-cc/bluemonday",
    "github.com/mitchellh/colorstring",
    "github.com/mitchellh/go-homedir",
    "github.com/mohae/deepcopy",
    "github.com/nlopes/slack",
    "github.com/petergtz/pegomock",
    "github.com/pkg/errors",
    "github.com/spf13/cobra",
    "github.com/spf13/pflag",
    "github.com/spf13/viper",
    "github.com/urfave/cli",
    "github.com/urfave/negroni",
    "golang.org/x/crypto/ssh/terminal",
    "gopkg.in/go-playground/validator.v9",
    "gopkg.in/russross/blackfriday.v2",
    "gopkg.in/yaml.v2"
  ]
  solver-name = "gps-cdcl"
  solver-version = 1
