Ran Plan for project: `dir1-ops` dir: `dir1` workspace: `ops`

<details><summary>Show Output</summary>

```diff
Terraform used the selected providers to generate the following execution
plan. Resource actions are indicated with the following symbols:
+ create

Terraform will perform the following actions:

  # random_id.dummy1[0] will be created
+ resource "random_id" "dummy1" {
      + b64_std     = (known after apply)
      + b64_url     = (known after apply)
      + byte_length = 1
      + dec         = (known after apply)
      + hex         = (known after apply)
      + id          = (known after apply)
    }

Plan: 1 to add, 0 to change, 0 to destroy.
```
</details>

* :arrow_forward: To **apply** this plan, comment:
  ```shell
  atlantis apply -p dir1-ops
  ```
* :put_litter_in_its_place: To **delete** this plan and lock, click [here](lock-url)
* :repeat: To **plan** this project again, comment:
  ```shell
  atlantis plan -p dir1-ops
  ```
Plan: 1 to add, 0 to change, 0 to destroy.

---
* :fast_forward: To **apply** all unapplied plans from this Pull Request, comment:
  ```shell
  atlantis apply
  ```
* :put_litter_in_its_place: To **delete** all plans and locks from this Pull Request, comment:
  ```shell
  atlantis unlock
  ```
