Ran Plan for 2 projects:

1. dir: `dir1` workspace: `default`
1. dir: `dir2` workspace: `default`
---

### 1. dir: `dir1` workspace: `default`
<details><summary>Show Output</summary>

```diff
Terraform used the selected providers to generate the following execution
plan. Resource actions are indicated with the following symbols:
+ create

Terraform will perform the following actions:

  # random_id.dummy will be created
+ resource "random_id" "dummy" {
      + b64_std     = (known after apply)
      + b64_url     = (known after apply)
      + byte_length = 1
      + dec         = (known after apply)
      + hex         = (known after apply)
      + id          = (known after apply)
    }

Plan: 1 to add, 0 to change, 0 to destroy.
```
</details>

* :arrow_forward: To **apply** this plan, comment:
  ```shell
  atlantis apply -d dir1
  ```
* :put_litter_in_its_place: To **delete** this plan and lock, click [here](lock-url)
* :repeat: To **plan** this project again, comment:
  ```shell
  atlantis plan -d dir1
  ```
Plan: 1 to add, 0 to change, 0 to destroy.

---
### 2. dir: `dir2` workspace: `default`
<details><summary>Show Output</summary>

```diff
Terraform used the selected providers to generate the following execution
plan. Resource actions are indicated with the following symbols:
+ create

Terraform will perform the following actions:

  # random_id.dummy will be created
+ resource "random_id" "dummy" {
      + b64_std     = (known after apply)
      + b64_url     = (known after apply)
      + byte_length = 1
      + dec         = (known after apply)
      + hex         = (known after apply)
      + id          = (known after apply)
    }

Plan: 1 to add, 0 to change, 0 to destroy.
```
</details>

* :arrow_forward: To **apply** this plan, comment:
  ```shell
  atlantis apply -d dir2
  ```
* :put_litter_in_its_place: To **delete** this plan and lock, click [here](lock-url)
* :repeat: To **plan** this project again, comment:
  ```shell
  atlantis plan -d dir2
  ```
Plan: 1 to add, 0 to change, 0 to destroy.

---
### Plan Summary

2 projects, 2 with changes, 0 with no changes, 0 failed

* :fast_forward: To **apply** all unapplied plans from this Pull Request, comment:
  ```shell
  atlantis apply
  ```
* :put_litter_in_its_place: To **delete** all plans and locks from this Pull Request, comment:
  ```shell
  atlantis unlock
  ```
