Ran Plan for dir: `.` workspace: `default`

<details><summary>Show Output</summary>

```diff
Terraform used the selected providers to generate the following execution
plan. Resource actions are indicated with the following symbols:
+ create

Terraform will perform the following actions:

  # random_id.count[0] will be created
+ resource "random_id" "count" {
      + b64_std     = (known after apply)
      + b64_url     = (known after apply)
      + byte_length = 1
      + dec         = (known after apply)
      + hex         = (known after apply)
      + id          = (known after apply)
    }

  # random_id.for_each["overridden"] will be created
+ resource "random_id" "for_each" {
      + b64_std     = (known after apply)
      + b64_url     = (known after apply)
      + byte_length = 1
      + dec         = (known after apply)
      + hex         = (known after apply)
      + id          = (known after apply)
    }

  # random_id.simple will be created
+ resource "random_id" "simple" {
      + b64_std     = (known after apply)
      + b64_url     = (known after apply)
      + byte_length = 1
      + dec         = (known after apply)
      + hex         = (known after apply)
      + id          = (known after apply)
    }

Plan: 3 to add, 0 to change, 0 to destroy.
```
</details>

* :arrow_forward: To **apply** this plan, comment:
  ```shell
  atlantis apply -d .
  ```
* :put_litter_in_its_place: To **delete** this plan and lock, click [here](lock-url)
* :repeat: To **plan** this project again, comment:
  ```shell
  atlantis plan -d . -- -var var=overridden
  ```
Plan: 3 to add, 0 to change, 0 to destroy.

---
* :fast_forward: To **apply** all unapplied plans from this Pull Request, comment:
  ```shell
  atlantis apply
  ```
* :put_litter_in_its_place: To **delete** all plans and locks from this Pull Request, comment:
  ```shell
  atlantis unlock
  ```
